
Microsoft Visual Studio Solution File, Format Version 12.00
# Visual Studio 15
VisualStudioVersion = 15.0.27428.1
MinimumVisualStudioVersion = 10.0.40219.1
Project("{FAE04EC0-301F-11D3-BF4B-00C04F79EFBC}") = "ToDoWebApp", "ToDoWebApp\ToDoWebApp.csproj", "{3E2DED7F-28EC-4BFA-9CCE-98144FB28B64}"
EndProject
Project("{FAE04EC0-301F-11D3-BF4B-00C04F79EFBC}") = "ToDoWebApp.Tests", "ToDoWebApp.Tests\ToDoWebApp.Tests.csproj", "{C2526EBD-EC05-4422-91D0-70A334437413}"
EndProject
Global
	GlobalSection(SolutionConfigurationPlatforms) = preSolution
		Debug|Any CPU = Debug|Any CPU
		Release|Any CPU = Release|Any CPU
	EndGlobalSection
	GlobalSection(ProjectConfigurationPlatforms) = postSolution
		{3E2DED7F-28EC-4BFA-9CCE-98144FB28B64}.Debug|Any CPU.ActiveCfg = Debug|Any CPU
		{3E2DED7F-28EC-4BFA-9CCE-98144FB28B64}.Debug|Any CPU.Build.0 = Debug|Any CPU
		{3E2DED7F-28EC-4BFA-9CCE-98144FB28B64}.Release|Any CPU.ActiveCfg = Release|Any CPU
		{3E2DED7F-28EC-4BFA-9CCE-98144FB28B64}.Release|Any CPU.Build.0 = Release|Any CPU
		{C2526EBD-EC05-4422-91D0-70A334437413}.Debug|Any CPU.ActiveCfg = Debug|Any CPU
		{C2526EBD-EC05-4422-91D0-70A334437413}.Debug|Any CPU.Build.0 = Debug|Any CPU
		{C2526EBD-EC05-4422-91D0-70A334437413}.Release|Any CPU.ActiveCfg = Release|Any CPU
		{C2526EBD-EC05-4422-91D0-70A334437413}.Release|Any CPU.Build.0 = Release|Any CPU
	EndGlobalSection
	GlobalSection(SolutionProperties) = preSolution
		HideSolutionNode = FALSE
	EndGlobalSection
	GlobalSection(ExtensibilityGlobals) = postSolution
		SolutionGuid = {97D2F833-C132-4DFC-A106-8469C449BCFE}
	EndGlobalSection
EndGlobal
